// !$*UTF8*$!
{
	archiveVersion = 1;
	classes = {
	};
	objectVersion = 46;
	objects = {

/* Begin PBXBuildFile section */
		D342E76A1D6BAB640004D01D /* AppDelegate.swift in Sources */ = {isa = PBXBuildFile; fileRef = D342E7691D6BAB640004D01D /* AppDelegate.swift */; };
		D342E76C1D6BAB640004D01D /* ViewController.swift in Sources */ = {isa = PBXBuildFile; fileRef = D342E76B1D6BAB640004D01D /* ViewController.swift */; };
		D342E76F1D6BAB640004D01D /* Main.storyboard in Resources */ = {isa = PBXBuildFile; fileRef = D342E76D1D6BAB640004D01D /* Main.storyboard */; };
		D342E7711D6BAB640004D01D /* Assets.xcassets in Resources */ = {isa = PBXBuildFile; fileRef = D342E7701D6BAB640004D01D /* Assets.xcassets */; };
		D342E7741D6BAB640004D01D /* LaunchScreen.storyboard in Resources */ = {isa = PBXBuildFile; fileRef = D342E7721D6BAB640004D01D /* LaunchScreen.storyboard */; };
		D342E77F1D6BAB640004D01D /* miniRPGIITests.swift in Sources */ = {isa = PBXBuildFile; fileRef = D342E77E1D6BAB640004D01D /* miniRPGIITests.swift */; };
		D342E78A1D6BAB640004D01D /* miniRPGIIUITests.swift in Sources */ = {isa = PBXBuildFile; fileRef = D342E7891D6BAB640004D01D /* miniRPGIIUITests.swift */; };
		D342E7981D6BBF3E0004D01D /* Player.swift in Sources */ = {isa = PBXBuildFile; fileRef = D342E7971D6BBF3E0004D01D /* Player.swift */; };
/* End PBXBuildFile section */

/* Begin PBXContainerItemProxy section */
		D342E77B1D6BAB640004D01D /* PBXContainerItemProxy */ = {
			isa = PBXContainerItemProxy;
			containerPortal = D342E75E1D6BAB630004D01D /* Project object */;
			proxyType = 1;
			remoteGlobalIDString = D342E7651D6BAB640004D01D;
			remoteInfo = miniRPGII;
		};
		D342E7861D6BAB640004D01D /* PBXContainerItemProxy */ = {
			isa = PBXContainerItemProxy;
			containerPortal = D342E75E1D6BAB630004D01D /* Project object */;
			proxyType = 1;
			remoteGlobalIDString = D342E7651D6BAB640004D01D;
			remoteInfo = miniRPGII;
		};
/* End PBXContainerItemProxy section */

/* Begin PBXFileReference section */
		D342E7661D6BAB640004D01D /* miniRPGII.app */ = {isa = PBXFileReference; explicitFileType = wrapper.application; includeInIndex = 0; path = miniRPGII.app; sourceTree = BUILT_PRODUCTS_DIR; };
		D342E7691D6BAB640004D01D /* AppDelegate.swift */ = {isa = PBXFileReference; lastKnownFileType = sourcecode.swift; path = AppDelegate.swift; sourceTree = "<group>"; };
		D342E76B1D6BAB640004D01D /* ViewController.swift */ = {isa = PBXFileReference; lastKnownFileType = sourcecode.swift; path = ViewController.swift; sourceTree = "<group>"; };
		D342E76E1D6BAB640004D01D /* Base */ = {isa = PBXFileReference; lastKnownFileType = file.storyboard; name = Base; path = Base.lproj/Main.storyboard; sourceTree = "<group>"; };
		D342E7701D6BAB640004D01D /* Assets.xcassets */ = {isa = PBXFileReference; lastKnownFileType = folder.assetcatalog; path = Assets.xcassets; sourceTree = "<group>"; };
		D342E7731D6BAB640004D01D /* Base */ = {isa = PBXFileReference; lastKnownFileType = file.storyboard; name = Base; path = Base.lproj/LaunchScreen.storyboard; sourceTree = "<group>"; };
		D342E7751D6BAB640004D01D /* Info.plist */ = {isa = PBXFileReference; lastKnownFileType = text.plist.xml; path = Info.plist; sourceTree = "<group>"; };
		D342E77A1D6BAB640004D01D /* miniRPGIITests.xctest */ = {isa = PBXFileReference; explicitFileType = wrapper.cfbundle; includeInIndex = 0; path = miniRPGIITests.xctest; sourceTree = BUILT_PRODUCTS_DIR; };
		D342E77E1D6BAB640004D01D /* miniRPGIITests.swift */ = {isa = PBXFileReference; lastKnownFileType = sourcecode.swift; path = miniRPGIITests.swift; sourceTree = "<group>"; };
		D342E7801D6BAB640004D01D /* Info.plist */ = {isa = PBXFileReference; lastKnownFileType = text.plist.xml; path = Info.plist; sourceTree = "<group>"; };
		D342E7851D6BAB640004D01D /* miniRPGIIUITests.xctest */ = {isa = PBXFileReference; explicitFileType = wrapper.cfbundle; includeInIndex = 0; path = miniRPGIIUITests.xctest; sourceTree = BUILT_PRODUCTS_DIR; };
		D342E7891D6BAB640004D01D /* miniRPGIIUITests.swift */ = {isa = PBXFileReference; lastKnownFileType = sourcecode.swift; path = miniRPGIIUITests.swift; sourceTree = "<group>"; };
		D342E78B1D6BAB640004D01D /* Info.plist */ = {isa = PBXFileReference; lastKnownFileType = text.plist.xml; path = Info.plist; sourceTree = "<group>"; };
		D342E7971D6BBF3E0004D01D /* Player.swift */ = {isa = PBXFileReference; fileEncoding = 4; lastKnownFileType = sourcecode.swift; path = Player.swift; sourceTree = "<group>"; };
/* End PBXFileReference section */

/* Begin PBXFrameworksBuildPhase section */
		D342E7631D6BAB640004D01D /* Frameworks */ = {
			isa = PBXFrameworksBuildPhase;
			buildActionMask = 2147483647;
			files = (
			);
			runOnlyForDeploymentPostprocessing = 0;
		};
		D342E7771D6BAB640004D01D /* Frameworks */ = {
			isa = PBXFrameworksBuildPhase;
			buildActionMask = 2147483647;
			files = (
			);
			runOnlyForDeploymentPostprocessing = 0;
		};
		D342E7821D6BAB640004D01D /* Frameworks */ = {
			isa = PBXFrameworksBuildPhase;
			buildActionMask = 2147483647;
			files = (
			);
			runOnlyForDeploymentPostprocessing = 0;
		};
/* End PBXFrameworksBuildPhase section */

/* Begin PBXGroup section */
		D342E75D1D6BAB630004D01D = {
			isa = PBXGroup;
			children = (
				D342E7681D6BAB640004D01D /* miniRPGII */,
				D342E77D1D6BAB640004D01D /* miniRPGIITests */,
				D342E7881D6BAB640004D01D /* miniRPGIIUITests */,
				D342E7671D6BAB640004D01D /* Products */,
			);
			sourceTree = "<group>";
		};
		D342E7671D6BAB640004D01D /* Products */ = {
			isa = PBXGroup;
			children = (
				D342E7661D6BAB640004D01D /* miniRPGII.app */,
				D342E77A1D6BAB640004D01D /* miniRPGIITests.xctest */,
				D342E7851D6BAB640004D01D /* miniRPGIIUITests.xctest */,
			);
			name = Products;
			sourceTree = "<group>";
		};
		D342E7681D6BAB640004D01D /* miniRPGII */ = {
			isa = PBXGroup;
			children = (
				D342E7691D6BAB640004D01D /* AppDelegate.swift */,
				D342E76B1D6BAB640004D01D /* ViewController.swift */,
				D342E76D1D6BAB640004D01D /* Main.storyboard */,
				D342E7701D6BAB640004D01D /* Assets.xcassets */,
				D342E7971D6BBF3E0004D01D /* Player.swift */,
				D342E7721D6BAB640004D01D /* LaunchScreen.storyboard */,
				D342E7751D6BAB640004D01D /* Info.plist */,
			);
			path = miniRPGII;
			sourceTree = "<group>";
		};
		D342E77D1D6BAB640004D01D /* miniRPGIITests */ = {
			isa = PBXGroup;
			children = (
				D342E77E1D6BAB640004D01D /* miniRPGIITests.swift */,
				D342E7801D6BAB640004D01D /* Info.plist */,
			);
			path = miniRPGIITests;
			sourceTree = "<group>";
		};
		D342E7881D6BAB640004D01D /* miniRPGIIUITests */ = {
			isa = PBXGroup;
			children = (
				D342E7891D6BAB640004D01D /* miniRPGIIUITests.swift */,
				D342E78B1D6BAB640004D01D /* Info.plist */,
			);
			path = miniRPGIIUITests;
			sourceTree = "<group>";
		};
/* End PBXGroup section */

/* Begin PBXNativeTarget section */
		D342E7651D6BAB640004D01D /* miniRPGII */ = {
			isa = PBXNativeTarget;
			buildConfigurationList = D342E78E1D6BAB640004D01D /* Build configuration list for PBXNativeTarget "miniRPGII" */;
			buildPhases = (
				D342E7621D6BAB640004D01D /* Sources */,
				D342E7631D6BAB640004D01D /* Frameworks */,
				D342E7641D6BAB640004D01D /* Resources */,
			);
			buildRules = (
			);
			dependencies = (
			);
			name = miniRPGII;
			productName = miniRPGII;
			productReference = D342E7661D6BAB640004D01D /* miniRPGII.app */;
			productType = "com.apple.product-type.application";
		};
		D342E7791D6BAB640004D01D /* miniRPGIITests */ = {
			isa = PBXNativeTarget;
			buildConfigurationList = D342E7911D6BAB640004D01D /* Build configuration list for PBXNativeTarget "miniRPGIITests" */;
			buildPhases = (
				D342E7761D6BAB640004D01D /* Sources */,
				D342E7771D6BAB640004D01D /* Frameworks */,
				D342E7781D6BAB640004D01D /* Resources */,
			);
			buildRules = (
			);
			dependencies = (
				D342E77C1D6BAB640004D01D /* PBXTargetDependency */,
			);
			name = miniRPGIITests;
			productName = miniRPGIITests;
			productReference = D342E77A1D6BAB640004D01D /* miniRPGIITests.xctest */;
			productType = "com.apple.product-type.bundle.unit-test";
		};
		D342E7841D6BAB640004D01D /* miniRPGIIUITests */ = {
			isa = PBXNativeTarget;
			buildConfigurationList = D342E7941D6BAB640004D01D /* Build configuration list for PBXNativeTarget "miniRPGIIUITests" */;
			buildPhases = (
				D342E7811D6BAB640004D01D /* Sources */,
				D342E7821D6BAB640004D01D /* Frameworks */,
				D342E7831D6BAB640004D01D /* Resources */,
			);
			buildRules = (
			);
			dependencies = (
				D342E7871D6BAB640004D01D /* PBXTargetDependency */,
			);
			name = miniRPGIIUITests;
			productName = miniRPGIIUITests;
			productReference = D342E7851D6BAB640004D01D /* miniRPGIIUITests.xctest */;
			productType = "com.apple.product-type.bundle.ui-testing";
		};
/* End PBXNativeTarget section */

/* Begin PBXProject section */
		D342E75E1D6BAB630004D01D /* Project object */ = {
			isa = PBXProject;
			attributes = {
				LastSwiftUpdateCheck = 0730;
				LastUpgradeCheck = 0730;
				ORGANIZATIONNAME = "Brian Cueto";
				TargetAttributes = {
					D342E7651D6BAB640004D01D = {
						CreatedOnToolsVersion = 7.3.1;
					};
					D342E7791D6BAB640004D01D = {
						CreatedOnToolsVersion = 7.3.1;
						TestTargetID = D342E7651D6BAB640004D01D;
					};
					D342E7841D6BAB640004D01D = {
						CreatedOnToolsVersion = 7.3.1;
						TestTargetID = D342E7651D6BAB640004D01D;
					};
				};
			};
			buildConfigurationList = D342E7611D6BAB640004D01D /* Build configuration list for PBXProject "miniRPGII" */;
			compatibilityVersion = "Xcode 3.2";
			developmentRegion = English;
			hasScannedForEncodings = 0;
			knownRegions = (
				en,
				Base,
			);
			mainGroup = D342E75D1D6BAB630004D01D;
			productRefGroup = D342E7671D6BAB640004D01D /* Products */;
			projectDirPath = "";
			projectRoot = "";
			targets = (
				D342E7651D6BAB640004D01D /* miniRPGII */,
				D342E7791D6BAB640004D01D /* miniRPGIITests */,
				D342E7841D6BAB640004D01D /* miniRPGIIUITests */,
			);
		};
/* End PBXProject section */

/* Begin PBXResourcesBuildPhase section */
		D342E7641D6BAB640004D01D /* Resources */ = {
			isa = PBXResourcesBuildPhase;
			buildActionMask = 2147483647;
			files = (
				D342E7741D6BAB640004D01D /* LaunchScreen.storyboard in Resources */,
				D342E7711D6BAB640004D01D /* Assets.xcassets in Resources */,
				D342E76F1D6BAB640004D01D /* Main.storyboard in Resources */,
			);
			runOnlyForDeploymentPostprocessing = 0;
		};
		D342E7781D6BAB640004D01D /* Resources */ = {
			isa = PBXResourcesBuildPhase;
			buildActionMask = 2147483647;
			files = (
			);
			runOnlyForDeploymentPostprocessing = 0;
		};
		D342E7831D6BAB640004D01D /* Resources */ = {
			isa = PBXResourcesBuildPhase;
			buildActionMask = 2147483647;
			files = (
			);
			runOnlyForDeploymentPostprocessing = 0;
		};
/* End PBXResourcesBuildPhase section */

/* Begin PBXSourcesBuildPhase section */
		D342E7621D6BAB640004D01D /* Sources */ = {
			isa = PBXSourcesBuildPhase;
			buildActionMask = 2147483647;
			files = (
				D342E76C1D6BAB640004D01D /* ViewController.swift in Sources */,
				D342E7981D6BBF3E0004D01D /* Player.swift in Sources */,
				D342E76A1D6BAB640004D01D /* AppDelegate.swift in Sources */,
			);
			runOnlyForDeploymentPostprocessing = 0;
		};
		D342E7761D6BAB640004D01D /* Sources */ = {
			isa = PBXSourcesBuildPhase;
			buildActionMask = 2147483647;
			files = (
				D342E77F1D6BAB640004D01D /* miniRPGIITests.swift in Sources */,
			);
			runOnlyForDeploymentPostprocessing = 0;
		};
		D342E7811D6BAB640004D01D /* Sources */ = {
			isa = PBXSourcesBuildPhase;
			buildActionMask = 2147483647;
			files = (
				D342E78A1D6BAB640004D01D /* miniRPGIIUITests.swift in Sources */,
			);
			runOnlyForDeploymentPostprocessing = 0;
		};
/* End PBXSourcesBuildPhase section */

/* Begin PBXTargetDependency section */
		D342E77C1D6BAB640004D01D /* PBXTargetDependency */ = {
			isa = PBXTargetDependency;
			target = D342E7651D6BAB640004D01D /* miniRPGII */;
			targetProxy = D342E77B1D6BAB640004D01D /* PBXContainerItemProxy */;
		};
		D342E7871D6BAB640004D01D /* PBXTargetDependency */ = {
			isa = PBXTargetDependency;
			target = D342E7651D6BAB640004D01D /* miniRPGII */;
			targetProxy = D342E7861D6BAB640004D01D /* PBXContainerItemProxy */;
		};
/* End PBXTargetDependency section */

/* Begin PBXVariantGroup section */
		D342E76D1D6BAB640004D01D /* Main.storyboard */ = {
			isa = PBXVariantGroup;
			children = (
				D342E76E1D6BAB640004D01D /* Base */,
			);
			name = Main.storyboard;
			sourceTree = "<group>";
		};
		D342E7721D6BAB640004D01D /* LaunchScreen.storyboard */ = {
			isa = PBXVariantGroup;
			children = (
				D342E7731D6BAB640004D01D /* Base */,
			);
			name = LaunchScreen.storyboard;
			sourceTree = "<group>";
		};
/* End PBXVariantGroup section */

/* Begin XCBuildConfiguration section */
		D342E78C1D6BAB640004D01D /* Debug */ = {
			isa = XCBuildConfiguration;
			buildSettings = {
				ALWAYS_SEARCH_USER_PATHS = NO;
				CLANG_ANALYZER_NONNULL = YES;
				CLANG_CXX_LANGUAGE_STANDARD = "gnu++0x";
				CLANG_CXX_LIBRARY = "libc++";
				CLANG_ENABLE_MODULES = YES;
				CLANG_ENABLE_OBJC_ARC = YES;
				CLANG_WARN_BOOL_CONVERSION = YES;
				CLANG_WARN_CONSTANT_CONVERSION = YES;
				CLANG_WARN_DIRECT_OBJC_ISA_USAGE = YES_ERROR;
				CLANG_WARN_EMPTY_BODY = YES;
				CLANG_WARN_ENUM_CONVERSION = YES;
				CLANG_WARN_INT_CONVERSION = YES;
				CLANG_WARN_OBJC_ROOT_CLASS = YES_ERROR;
				CLANG_WARN_UNREACHABLE_CODE = YES;
				CLANG_WARN__DUPLICATE_METHOD_MATCH = YES;
				"CODE_SIGN_IDENTITY[sdk=iphoneos*]" = "iPhone Developer";
				COPY_PHASE_STRIP = NO;
				DEBUG_INFORMATION_FORMAT = dwarf;
				ENABLE_STRICT_OBJC_MSGSEND = YES;
				ENABLE_TESTABILITY = YES;
				GCC_C_LANGUAGE_STANDARD = gnu99;
				GCC_DYNAMIC_NO_PIC = NO;
				GCC_NO_COMMON_BLOCKS = YES;
				GCC_OPTIMIZATION_LEVEL = 0;
				GCC_PREPROCESSOR_DEFINITIONS = (
					"DEBUG=1",
					"$(inherited)",
				);
				GCC_WARN_64_TO_32_BIT_CONVERSION = YES;
				GCC_WARN_ABOUT_RETURN_TYPE = YES_ERROR;
				GCC_WARN_UNDECLARED_SELECTOR = YES;
				GCC_WARN_UNINITIALIZED_AUTOS = YES_AGGRESSIVE;
				GCC_WARN_UNUSED_FUNCTION = YES;
				GCC_WARN_UNUSED_VARIABLE = YES;
				IPHONEOS_DEPLOYMENT_TARGET = 9.3;
				MTL_ENABLE_DEBUG_INFO = YES;
				ONLY_ACTIVE_ARCH = YES;
				SDKROOT = iphoneos;
				SWIFT_OPTIMIZATION_LEVEL = "-Onone";
			};
			name = Debug;
		};
		D342E78D1D6BAB640004D01D /* Release */ = {
			isa = XCBuildConfiguration;
			buildSettings = {
				ALWAYS_SEARCH_USER_PATHS = NO;
				CLANG_ANALYZER_NONNULL = YES;
				CLANG_CXX_LANGUAGE_STANDARD = "gnu++0x";
				CLANG_CXX_LIBRARY = "libc++";
				CLANG_ENABLE_MODULES = YES;
				CLANG_ENABLE_OBJC_ARC = YES;
				CLANG_WARN_BOOL_CONVERSION = YES;
				CLANG_WARN_CONSTANT_CONVERSION = YES;
				CLANG_WARN_DIRECT_OBJC_ISA_USAGE = YES_ERROR;
				CLANG_WARN_EMPTY_BODY = YES;
				CLANG_WARN_ENUM_CONVERSION = YES;
				CLANG_WARN_INT_CONVERSION = YES;
				CLANG_WARN_OBJC_ROOT_CLASS = YES_ERROR;
				CLANG_WARN_UNREACHABLE_CODE = YES;
				CLANG_WARN__DUPLICATE_METHOD_MATCH = YES;
				"CODE_SIGN_IDENTITY[sdk=iphoneos*]" = "iPhone Developer";
				COPY_PHASE_STRIP = NO;
				DEBUG_INFORMATION_FORMAT = "dwarf-with-dsym";
				ENABLE_NS_ASSERTIONS = NO;
				ENABLE_STRICT_OBJC_MSGSEND = YES;
				GCC_C_LANGUAGE_STANDARD = gnu99;
				GCC_NO_COMMON_BLOCKS = YES;
				GCC_WARN_64_TO_32_BIT_CONVERSION = YES;
				GCC_WARN_ABOUT_RETURN_TYPE = YES_ERROR;
				GCC_WARN_UNDECLARED_SELECTOR = YES;
				GCC_WARN_UNINITIALIZED_AUTOS = YES_AGGRESSIVE;
				GCC_WARN_UNUSED_FUNCTION = YES;
				GCC_WARN_UNUSED_VARIABLE = YES;
				IPHONEOS_DEPLOYMENT_TARGET = 9.3;
				MTL_ENABLE_DEBUG_INFO = NO;
				SDKROOT = iphoneos;
				VALIDATE_PRODUCT = YES;
			};
			name = Release;
		};
		D342E78F1D6BAB640004D01D /* Debug */ = {
			isa = XCBuildConfiguration;
			buildSettings = {
				ASSETCATALOG_COMPILER_APPICON_NAME = AppIcon;
				INFOPLIST_FILE = miniRPGII/Info.plist;
				LD_RUNPATH_SEARCH_PATHS = "$(inherited) @executable_path/Frameworks";
				PRODUCT_BUNDLE_IDENTIFIER = com.Practice.miniRPGII;
				PRODUCT_NAME = "$(TARGET_NAME)";
			};
			name = Debug;
		};
		D342E7901D6BAB640004D01D /* Release */ = {
			isa = XCBuildConfiguration;
			buildSettings = {
				ASSETCATALOG_COMPILER_APPICON_NAME = AppIcon;
				INFOPLIST_FILE = miniRPGII/Info.plist;
				LD_RUNPATH_SEARCH_PATHS = "$(inherited) @executable_path/Frameworks";
				PRODUCT_BUNDLE_IDENTIFIER = com.Practice.miniRPGII;
				PRODUCT_NAME = "$(TARGET_NAME)";
			};
			name = Release;
		};
		D342E7921D6BAB640004D01D /* Debug */ = {
			isa = XCBuildConfiguration;
			buildSettings = {
				BUNDLE_LOADER = "$(TEST_HOST)";
				INFOPLIST_FILE = miniRPGIITests/Info.plist;
				LD_RUNPATH_SEARCH_PATHS = "$(inherited) @executable_path/Frameworks @loader_path/Frameworks";
				PRODUCT_BUNDLE_IDENTIFIER = com.Practice.miniRPGIITests;
				PRODUCT_NAME = "$(TARGET_NAME)";
				TEST_HOST = "$(BUILT_PRODUCTS_DIR)/miniRPGII.app/miniRPGII";
			};
			name = Debug;
		};
		D342E7931D6BAB640004D01D /* Release */ = {
			isa = XCBuildConfiguration;
			buildSettings = {
				BUNDLE_LOADER = "$(TEST_HOST)";
				INFOPLIST_FILE = miniRPGIITests/Info.plist;
				LD_RUNPATH_SEARCH_PATHS = "$(inherited) @executable_path/Frameworks @loader_path/Frameworks";
				PRODUCT_BUNDLE_IDENTIFIER = com.Practice.miniRPGIITests;
				PRODUCT_NAME = "$(TARGET_NAME)";
				TEST_HOST = "$(BUILT_PRODUCTS_DIR)/miniRPGII.app/miniRPGII";
			};
			name = Release;
		};
		D342E7951D6BAB640004D01D /* Debug */ = {
			isa = XCBuildConfiguration;
			buildSettings = {
				INFOPLIST_FILE = miniRPGIIUITests/Info.plist;
				LD_RUNPATH_SEARCH_PATHS = "$(inherited) @executable_path/Frameworks @loader_path/Frameworks";
				PRODUCT_BUNDLE_IDENTIFIER = com.Practice.miniRPGIIUITests;
				PRODUCT_NAME = "$(TARGET_NAME)";
				TEST_TARGET_NAME = miniRPGII;
			};
			name = Debug;
		};
		D342E7961D6BAB640004D01D /* Release */ = {
			isa = XCBuildConfiguration;
			buildSettings = {
				INFOPLIST_FILE = miniRPGIIUITests/Info.plist;
				LD_RUNPATH_SEARCH_PATHS = "$(inherited) @executable_path/Frameworks @loader_path/Frameworks";
				PRODUCT_BUNDLE_IDENTIFIER = com.Practice.miniRPGIIUITests;
				PRODUCT_NAME = "$(TARGET_NAME)";
				TEST_TARGET_NAME = miniRPGII;
			};
			name = Release;
		};
/* End XCBuildConfiguration section */

/* Begin XCConfigurationList section */
		D342E7611D6BAB640004D01D /* Build configuration list for PBXProject "miniRPGII" */ = {
			isa = XCConfigurationList;
			buildConfigurations = (
				D342E78C1D6BAB640004D01D /* Debug */,
				D342E78D1D6BAB640004D01D /* Release */,
			);
			defaultConfigurationIsVisible = 0;
			defaultConfigurationName = Release;
		};
		D342E78E1D6BAB640004D01D /* Build configuration list for PBXNativeTarget "miniRPGII" */ = {
			isa = XCConfigurationList;
			buildConfigurations = (
				D342E78F1D6BAB640004D01D /* Debug */,
				D342E7901D6BAB640004D01D /* Release */,
			);
			defaultConfigurationIsVisible = 0;
		};
		D342E7911D6BAB640004D01D /* Build configuration list for PBXNativeTarget "miniRPGIITests" */ = {
			isa = XCConfigurationList;
			buildConfigurations = (
				D342E7921D6BAB640004D01D /* Debug */,
				D342E7931D6BAB640004D01D /* Release */,
			);
			defaultConfigurationIsVisible = 0;
		};
		D342E7941D6BAB640004D01D /* Build configuration list for PBXNativeTarget "miniRPGIIUITests" */ = {
			isa = XCConfigurationList;
			buildConfigurations = (
				D342E7951D6BAB640004D01D /* Debug */,
				D342E7961D6BAB640004D01D /* Release */,
			);
			defaultConfigurationIsVisible = 0;
		};
/* End XCConfigurationList section */
	};
	rootObject = D342E75E1D6BAB630004D01D /* Project object */;
}
